
Microsoft Visual Studio Solution File, Format Version 12.00
# Visual Studio Version 17
VisualStudioVersion = 17.6.33801.468
MinimumVisualStudioVersion = 10.0.40219.1
Project("{FAE04EC0-301F-11D3-BF4B-00C04F79EFBC}") = "PokemonReviewApp", "PokemonReviewApp\PokemonReviewApp.csproj", "{950C1846-5D8C-4884-AD34-71769BC805E4}"
EndProject
Global
	GlobalSection(SolutionConfigurationPlatforms) = preSolution
		Debug|Any CPU = Debug|Any CPU
		Release|Any CPU = Release|Any CPU
	EndGlobalSection
	GlobalSection(ProjectConfigurationPlatforms) = postSolution
		{950C1846-5D8C-4884-AD34-71769BC805E4}.Debug|Any CPU.ActiveCfg = Debug|Any CPU
		{950C1846-5D8C-4884-AD34-71769BC805E4}.Debug|Any CPU.Build.0 = Debug|Any CPU
		{950C1846-5D8C-4884-AD34-71769BC805E4}.Release|Any CPU.ActiveCfg = Release|Any CPU
		{950C1846-5D8C-4884-AD34-71769BC805E4}.Release|Any CPU.Build.0 = Release|Any CPU
	EndGlobalSection
	GlobalSection(SolutionProperties) = preSolution
		HideSolutionNode = FALSE
	EndGlobalSection
	GlobalSection(ExtensibilityGlobals) = postSolution
		SolutionGuid = {D661F05D-370D-4EBF-9862-E96A1A26A0EA}
	EndGlobalSection
EndGlobal
